
Microsoft Visual Studio Solution File, Format Version 12.00
# Visual Studio Version 17
VisualStudioVersion = 17.4.33110.190
MinimumVisualStudioVersion = 10.0.40219.1
Project("{FAE04EC0-301F-11D3-BF4B-00C04F79EFBC}") = "UDPIM", "UDPIM\UDPIM.csproj", "{98887BB8-1F1C-4C32-B04E-5F07F27D311A}"
EndProject
Global
	GlobalSection(SolutionConfigurationPlatforms) = preSolution
		Debug|Any CPU = Debug|Any CPU
		Release|Any CPU = Release|Any CPU
	EndGlobalSection
	GlobalSection(ProjectConfigurationPlatforms) = postSolution
		{98887BB8-1F1C-4C32-B04E-5F07F27D311A}.Debug|Any CPU.ActiveCfg = Debug|Any CPU
		{98887BB8-1F1C-4C32-B04E-5F07F27D311A}.Debug|Any CPU.Build.0 = Debug|Any CPU
		{98887BB8-1F1C-4C32-B04E-5F07F27D311A}.Release|Any CPU.ActiveCfg = Release|Any CPU
		{98887BB8-1F1C-4C32-B04E-5F07F27D311A}.Release|Any CPU.Build.0 = Release|Any CPU
	EndGlobalSection
	GlobalSection(SolutionProperties) = preSolution
		HideSolutionNode = FALSE
	EndGlobalSection
	GlobalSection(ExtensibilityGlobals) = postSolution
		SolutionGuid = {CF43391F-7CAC-4DDF-BB3D-DA9981B2D7D1}
	EndGlobalSection
EndGlobal
