
Microsoft Visual Studio Solution File, Format Version 12.00
# Visual Studio Version 17
VisualStudioVersion = 17.4.33110.190
MinimumVisualStudioVersion = 10.0.40219.1
Project("{2150E333-8FDC-42A3-9474-1A3956D46DE8}") = "Client", "Client", "{74A2B5FA-C854-4D01-A4E4-A3A7729A001F}"
EndProject
Project("{2150E333-8FDC-42A3-9474-1A3956D46DE8}") = "Server", "Server", "{26E8A104-ED35-47B7-8A95-F34321129D29}"
EndProject
Project("{FAE04EC0-301F-11D3-BF4B-00C04F79EFBC}") = "Server_ChatRoom", "Server_ChatRoom\Server_ChatRoom.csproj", "{149A9707-43BD-4DDD-B0DC-78E641E7B7F3}"
EndProject
Project("{FAE04EC0-301F-11D3-BF4B-00C04F79EFBC}") = "Client_ChatRoom", "Client_ChatRoom\Client_ChatRoom.csproj", "{F4478FFC-7093-4A96-9686-A805478DDBF5}"
EndProject
Global
	GlobalSection(SolutionConfigurationPlatforms) = preSolution
		Debug|Any CPU = Debug|Any CPU
		Release|Any CPU = Release|Any CPU
	EndGlobalSection
	GlobalSection(ProjectConfigurationPlatforms) = postSolution
		{149A9707-43BD-4DDD-B0DC-78E641E7B7F3}.Debug|Any CPU.ActiveCfg = Debug|Any CPU
		{149A9707-43BD-4DDD-B0DC-78E641E7B7F3}.Debug|Any CPU.Build.0 = Debug|Any CPU
		{149A9707-43BD-4DDD-B0DC-78E641E7B7F3}.Release|Any CPU.ActiveCfg = Release|Any CPU
		{149A9707-43BD-4DDD-B0DC-78E641E7B7F3}.Release|Any CPU.Build.0 = Release|Any CPU
		{F4478FFC-7093-4A96-9686-A805478DDBF5}.Debug|Any CPU.ActiveCfg = Debug|Any CPU
		{F4478FFC-7093-4A96-9686-A805478DDBF5}.Debug|Any CPU.Build.0 = Debug|Any CPU
		{F4478FFC-7093-4A96-9686-A805478DDBF5}.Release|Any CPU.ActiveCfg = Release|Any CPU
		{F4478FFC-7093-4A96-9686-A805478DDBF5}.Release|Any CPU.Build.0 = Release|Any CPU
	EndGlobalSection
	GlobalSection(SolutionProperties) = preSolution
		HideSolutionNode = FALSE
	EndGlobalSection
	GlobalSection(NestedProjects) = preSolution
		{149A9707-43BD-4DDD-B0DC-78E641E7B7F3} = {26E8A104-ED35-47B7-8A95-F34321129D29}
		{F4478FFC-7093-4A96-9686-A805478DDBF5} = {74A2B5FA-C854-4D01-A4E4-A3A7729A001F}
	EndGlobalSection
	GlobalSection(ExtensibilityGlobals) = postSolution
		SolutionGuid = {6D51DB57-E5E1-455E-BB23-CDE236CF268B}
	EndGlobalSection
EndGlobal
