
Microsoft Visual Studio Solution File, Format Version 12.00
# Visual Studio Version 17
VisualStudioVersion = 17.4.33110.190
MinimumVisualStudioVersion = 10.0.40219.1
Project("{FAE04EC0-301F-11D3-BF4B-00C04F79EFBC}") = "ASP_ChatRoom", "ASP_ChatRoom\ASP_ChatRoom.csproj", "{8707429E-1E11-4EAC-824B-AD670FC35EBA}"
EndProject
Global
	GlobalSection(SolutionConfigurationPlatforms) = preSolution
		Debug|Any CPU = Debug|Any CPU
		Release|Any CPU = Release|Any CPU
	EndGlobalSection
	GlobalSection(ProjectConfigurationPlatforms) = postSolution
		{8707429E-1E11-4EAC-824B-AD670FC35EBA}.Debug|Any CPU.ActiveCfg = Debug|Any CPU
		{8707429E-1E11-4EAC-824B-AD670FC35EBA}.Debug|Any CPU.Build.0 = Debug|Any CPU
		{8707429E-1E11-4EAC-824B-AD670FC35EBA}.Release|Any CPU.ActiveCfg = Release|Any CPU
		{8707429E-1E11-4EAC-824B-AD670FC35EBA}.Release|Any CPU.Build.0 = Release|Any CPU
	EndGlobalSection
	GlobalSection(SolutionProperties) = preSolution
		HideSolutionNode = FALSE
	EndGlobalSection
	GlobalSection(ExtensibilityGlobals) = postSolution
		SolutionGuid = {B2CD8D38-A70D-4062-84AD-D62EE9C974A9}
	EndGlobalSection
EndGlobal
